
Microsoft Visual Studio Solution File, Format Version 12.00
# Visual Studio Version 17
VisualStudioVersion = 17.10.34928.147
MinimumVisualStudioVersion = 10.0.40219.1
Project("{FAE04EC0-301F-11D3-BF4B-00C04F79EFBC}") = "TiendaServicions.Carrito", "TiendaServicions.Carrito\TiendaServicions.Carrito.csproj", "{E067A875-00BE-4DF0-AE25-09C8C5A89BA8}"
EndProject
Global
	GlobalSection(SolutionConfigurationPlatforms) = preSolution
		Debug|Any CPU = Debug|Any CPU
		Release|Any CPU = Release|Any CPU
	EndGlobalSection
	GlobalSection(ProjectConfigurationPlatforms) = postSolution
		{E067A875-00BE-4DF0-AE25-09C8C5A89BA8}.Debug|Any CPU.ActiveCfg = Debug|Any CPU
		{E067A875-00BE-4DF0-AE25-09C8C5A89BA8}.Debug|Any CPU.Build.0 = Debug|Any CPU
		{E067A875-00BE-4DF0-AE25-09C8C5A89BA8}.Release|Any CPU.ActiveCfg = Release|Any CPU
		{E067A875-00BE-4DF0-AE25-09C8C5A89BA8}.Release|Any CPU.Build.0 = Release|Any CPU
	EndGlobalSection
	GlobalSection(SolutionProperties) = preSolution
		HideSolutionNode = FALSE
	EndGlobalSection
	GlobalSection(ExtensibilityGlobals) = postSolution
		SolutionGuid = {A393384F-ADC7-46C4-9060-FE6BFEF10257}
	EndGlobalSection
EndGlobal
